{
  "name": "dl-queue-ts",
  "version": "1.0.0",
  "lockfileVersion": 1,
  "requires": true,
  "dependencies": {
    "dl-doubly-linked-list-ts": {
      "version": "1.0.2",
      "resolved": "https://registry.npmjs.org/dl-doubly-linked-list-ts/-/dl-doubly-linked-list-ts-1.0.2.tgz",
      "integrity": "sha512-i26VXC3pYzQdV7oGIrtk3IznT1bGTPKsflLFkWbk6fM/QpbwJzvWNETPY2/XLGRzV5CP5k4WjZ/mK3OhbkZ6HQ=="
    }
  }
}
